
Microsoft Visual Studio Solution File, Format Version 12.00
# Visual Studio Version 17
VisualStudioVersion = 17.4.33205.214
MinimumVisualStudioVersion = 10.0.40219.1
Project("{FAE04EC0-301F-11D3-BF4B-00C04F79EFBC}") = "EnBuyukSayıBulma", "EnBuyukSayıBulma.csproj", "{5E907CE5-9250-4FE1-85D0-56A002A6F5BA}"
EndProject
Global
	GlobalSection(SolutionConfigurationPlatforms) = preSolution
		Debug|Any CPU = Debug|Any CPU
		Release|Any CPU = Release|Any CPU
	EndGlobalSection
	GlobalSection(ProjectConfigurationPlatforms) = postSolution
		{5E907CE5-9250-4FE1-85D0-56A002A6F5BA}.Debug|Any CPU.ActiveCfg = Debug|Any CPU
		{5E907CE5-9250-4FE1-85D0-56A002A6F5BA}.Debug|Any CPU.Build.0 = Debug|Any CPU
		{5E907CE5-9250-4FE1-85D0-56A002A6F5BA}.Release|Any CPU.ActiveCfg = Release|Any CPU
		{5E907CE5-9250-4FE1-85D0-56A002A6F5BA}.Release|Any CPU.Build.0 = Release|Any CPU
	EndGlobalSection
	GlobalSection(SolutionProperties) = preSolution
		HideSolutionNode = FALSE
	EndGlobalSection
	GlobalSection(ExtensibilityGlobals) = postSolution
		SolutionGuid = {6E06DBE3-53A1-4877-8397-405F3338FF3B}
	EndGlobalSection
EndGlobal
